
Microsoft Visual Studio Solution File, Format Version 12.00
# Visual Studio Version 16
VisualStudioVersion = 16.0.29326.143
MinimumVisualStudioVersion = 10.0.40219.1
Project("{FAE04EC0-301F-11D3-BF4B-00C04F79EFBC}") = "ProblemA", "ProblemA\ProblemA.csproj", "{7D87E2A3-C18F-4637-B1A9-490E83C9CC8F}"
EndProject
Global
	GlobalSection(SolutionConfigurationPlatforms) = preSolution
		Debug|Any CPU = Debug|Any CPU
		Release|Any CPU = Release|Any CPU
	EndGlobalSection
	GlobalSection(ProjectConfigurationPlatforms) = postSolution
		{7D87E2A3-C18F-4637-B1A9-490E83C9CC8F}.Debug|Any CPU.ActiveCfg = Debug|Any CPU
		{7D87E2A3-C18F-4637-B1A9-490E83C9CC8F}.Debug|Any CPU.Build.0 = Debug|Any CPU
		{7D87E2A3-C18F-4637-B1A9-490E83C9CC8F}.Release|Any CPU.ActiveCfg = Release|Any CPU
		{7D87E2A3-C18F-4637-B1A9-490E83C9CC8F}.Release|Any CPU.Build.0 = Release|Any CPU
	EndGlobalSection
	GlobalSection(SolutionProperties) = preSolution
		HideSolutionNode = FALSE
	EndGlobalSection
	GlobalSection(ExtensibilityGlobals) = postSolution
		SolutionGuid = {29688D8C-8D9A-4AB8-A00D-CA635E64C098}
	EndGlobalSection
EndGlobal
